
Microsoft Visual Studio Solution File, Format Version 12.00
# Visual Studio Version 17
VisualStudioVersion = 17.9.34728.123
MinimumVisualStudioVersion = 10.0.40219.1
Project("{FAE04EC0-301F-11D3-BF4B-00C04F79EFBC}") = "ProjectInsat", "ProjectInsat\ProjectInsat.csproj", "{324E848F-ACFC-486F-B53B-97B056D7D19F}"
EndProject
Global
	GlobalSection(SolutionConfigurationPlatforms) = preSolution
		Debug|Any CPU = Debug|Any CPU
		Release|Any CPU = Release|Any CPU
	EndGlobalSection
	GlobalSection(ProjectConfigurationPlatforms) = postSolution
		{324E848F-ACFC-486F-B53B-97B056D7D19F}.Debug|Any CPU.ActiveCfg = Debug|Any CPU
		{324E848F-ACFC-486F-B53B-97B056D7D19F}.Debug|Any CPU.Build.0 = Debug|Any CPU
		{324E848F-ACFC-486F-B53B-97B056D7D19F}.Release|Any CPU.ActiveCfg = Release|Any CPU
		{324E848F-ACFC-486F-B53B-97B056D7D19F}.Release|Any CPU.Build.0 = Release|Any CPU
	EndGlobalSection
	GlobalSection(SolutionProperties) = preSolution
		HideSolutionNode = FALSE
	EndGlobalSection
	GlobalSection(ExtensibilityGlobals) = postSolution
		SolutionGuid = {7DEA5BD9-6047-41B2-8425-025C85918F92}
	EndGlobalSection
EndGlobal
